// !$*UTF8*$!
{
	archiveVersion = 1;
	classes = {
	};
	objectVersion = 50;
	objects = {

/* Begin PBXBuildFile section */
		3D12707C23356A770021F356 /* AppDelegate.swift in Sources */ = {isa = PBXBuildFile; fileRef = 3D12707B23356A770021F356 /* AppDelegate.swift */; };
		3D12707E23356A770021F356 /* ViewController.swift in Sources */ = {isa = PBXBuildFile; fileRef = 3D12707D23356A770021F356 /* ViewController.swift */; };
		3D12708123356A770021F356 /* Main.storyboard in Resources */ = {isa = PBXBuildFile; fileRef = 3D12707F23356A770021F356 /* Main.storyboard */; };
		3D12708323356A7F0021F356 /* Assets.xcassets in Resources */ = {isa = PBXBuildFile; fileRef = 3D12708223356A7F0021F356 /* Assets.xcassets */; };
		3D12708623356A7F0021F356 /* LaunchScreen.storyboard in Resources */ = {isa = PBXBuildFile; fileRef = 3D12708423356A7F0021F356 /* LaunchScreen.storyboard */; };
		3D12709123356A7F0021F356 /* CarrosTests.swift in Sources */ = {isa = PBXBuildFile; fileRef = 3D12709023356A7F0021F356 /* CarrosTests.swift */; };
		3D12709C23356A7F0021F356 /* CarrosUITests.swift in Sources */ = {isa = PBXBuildFile; fileRef = 3D12709B23356A7F0021F356 /* CarrosUITests.swift */; };
/* End PBXBuildFile section */

/* Begin PBXContainerItemProxy section */
		3D12708D23356A7F0021F356 /* PBXContainerItemProxy */ = {
			isa = PBXContainerItemProxy;
			containerPortal = 3D12707023356A760021F356 /* Project object */;
			proxyType = 1;
			remoteGlobalIDString = 3D12707723356A760021F356;
			remoteInfo = Carros;
		};
		3D12709823356A7F0021F356 /* PBXContainerItemProxy */ = {
			isa = PBXContainerItemProxy;
			containerPortal = 3D12707023356A760021F356 /* Project object */;
			proxyType = 1;
			remoteGlobalIDString = 3D12707723356A760021F356;
			remoteInfo = Carros;
		};
/* End PBXContainerItemProxy section */

/* Begin PBXFileReference section */
		3D12707823356A770021F356 /* Carros.app */ = {isa = PBXFileReference; explicitFileType = wrapper.application; includeInIndex = 0; path = Carros.app; sourceTree = BUILT_PRODUCTS_DIR; };
		3D12707B23356A770021F356 /* AppDelegate.swift */ = {isa = PBXFileReference; lastKnownFileType = sourcecode.swift; path = AppDelegate.swift; sourceTree = "<group>"; };
		3D12707D23356A770021F356 /* ViewController.swift */ = {isa = PBXFileReference; lastKnownFileType = sourcecode.swift; path = ViewController.swift; sourceTree = "<group>"; };
		3D12708023356A770021F356 /* Base */ = {isa = PBXFileReference; lastKnownFileType = file.storyboard; name = Base; path = Base.lproj/Main.storyboard; sourceTree = "<group>"; };
		3D12708223356A7F0021F356 /* Assets.xcassets */ = {isa = PBXFileReference; lastKnownFileType = folder.assetcatalog; path = Assets.xcassets; sourceTree = "<group>"; };
		3D12708523356A7F0021F356 /* Base */ = {isa = PBXFileReference; lastKnownFileType = file.storyboard; name = Base; path = Base.lproj/LaunchScreen.storyboard; sourceTree = "<group>"; };
		3D12708723356A7F0021F356 /* Info.plist */ = {isa = PBXFileReference; lastKnownFileType = text.plist.xml; path = Info.plist; sourceTree = "<group>"; };
		3D12708C23356A7F0021F356 /* CarrosTests.xctest */ = {isa = PBXFileReference; explicitFileType = wrapper.cfbundle; includeInIndex = 0; path = CarrosTests.xctest; sourceTree = BUILT_PRODUCTS_DIR; };
		3D12709023356A7F0021F356 /* CarrosTests.swift */ = {isa = PBXFileReference; lastKnownFileType = sourcecode.swift; path = CarrosTests.swift; sourceTree = "<group>"; };
		3D12709223356A7F0021F356 /* Info.plist */ = {isa = PBXFileReference; lastKnownFileType = text.plist.xml; path = Info.plist; sourceTree = "<group>"; };
		3D12709723356A7F0021F356 /* CarrosUITests.xctest */ = {isa = PBXFileReference; explicitFileType = wrapper.cfbundle; includeInIndex = 0; path = CarrosUITests.xctest; sourceTree = BUILT_PRODUCTS_DIR; };
		3D12709B23356A7F0021F356 /* CarrosUITests.swift */ = {isa = PBXFileReference; lastKnownFileType = sourcecode.swift; path = CarrosUITests.swift; sourceTree = "<group>"; };
		3D12709D23356A7F0021F356 /* Info.plist */ = {isa = PBXFileReference; lastKnownFileType = text.plist.xml; path = Info.plist; sourceTree = "<group>"; };
/* End PBXFileReference section */

/* Begin PBXFrameworksBuildPhase section */
		3D12707523356A760021F356 /* Frameworks */ = {
			isa = PBXFrameworksBuildPhase;
			buildActionMask = 2147483647;
			files = (
			);
			runOnlyForDeploymentPostprocessing = 0;
		};
		3D12708923356A7F0021F356 /* Frameworks */ = {
			isa = PBXFrameworksBuildPhase;
			buildActionMask = 2147483647;
			files = (
			);
			runOnlyForDeploymentPostprocessing = 0;
		};
		3D12709423356A7F0021F356 /* Frameworks */ = {
			isa = PBXFrameworksBuildPhase;
			buildActionMask = 2147483647;
			files = (
			);
			runOnlyForDeploymentPostprocessing = 0;
		};
/* End PBXFrameworksBuildPhase section */

/* Begin PBXGroup section */
		3D12706F23356A760021F356 = {
			isa = PBXGroup;
			children = (
				3D12707A23356A770021F356 /* Carros */,
				3D12708F23356A7F0021F356 /* CarrosTests */,
				3D12709A23356A7F0021F356 /* CarrosUITests */,
				3D12707923356A770021F356 /* Products */,
			);
			sourceTree = "<group>";
		};
		3D12707923356A770021F356 /* Products */ = {
			isa = PBXGroup;
			children = (
				3D12707823356A770021F356 /* Carros.app */,
				3D12708C23356A7F0021F356 /* CarrosTests.xctest */,
				3D12709723356A7F0021F356 /* CarrosUITests.xctest */,
			);
			name = Products;
			sourceTree = "<group>";
		};
		3D12707A23356A770021F356 /* Carros */ = {
			isa = PBXGroup;
			children = (
				3D12707B23356A770021F356 /* AppDelegate.swift */,
				3D12707D23356A770021F356 /* ViewController.swift */,
				3D12707F23356A770021F356 /* Main.storyboard */,
				3D12708223356A7F0021F356 /* Assets.xcassets */,
				3D12708423356A7F0021F356 /* LaunchScreen.storyboard */,
				3D12708723356A7F0021F356 /* Info.plist */,
			);
			path = Carros;
			sourceTree = "<group>";
		};
		3D12708F23356A7F0021F356 /* CarrosTests */ = {
			isa = PBXGroup;
			children = (
				3D12709023356A7F0021F356 /* CarrosTests.swift */,
				3D12709223356A7F0021F356 /* Info.plist */,
			);
			path = CarrosTests;
			sourceTree = "<group>";
		};
		3D12709A23356A7F0021F356 /* CarrosUITests */ = {
			isa = PBXGroup;
			children = (
				3D12709B23356A7F0021F356 /* CarrosUITests.swift */,
				3D12709D23356A7F0021F356 /* Info.plist */,
			);
			path = CarrosUITests;
			sourceTree = "<group>";
		};
/* End PBXGroup section */

/* Begin PBXNativeTarget section */
		3D12707723356A760021F356 /* Carros */ = {
			isa = PBXNativeTarget;
			buildConfigurationList = 3D1270A023356A7F0021F356 /* Build configuration list for PBXNativeTarget "Carros" */;
			buildPhases = (
				3D12707423356A760021F356 /* Sources */,
				3D12707523356A760021F356 /* Frameworks */,
				3D12707623356A760021F356 /* Resources */,
			);
			buildRules = (
			);
			dependencies = (
			);
			name = Carros;
			productName = Carros;
			productReference = 3D12707823356A770021F356 /* Carros.app */;
			productType = "com.apple.product-type.application";
		};
		3D12708B23356A7F0021F356 /* CarrosTests */ = {
			isa = PBXNativeTarget;
			buildConfigurationList = 3D1270A323356A7F0021F356 /* Build configuration list for PBXNativeTarget "CarrosTests" */;
			buildPhases = (
				3D12708823356A7F0021F356 /* Sources */,
				3D12708923356A7F0021F356 /* Frameworks */,
				3D12708A23356A7F0021F356 /* Resources */,
			);
			buildRules = (
			);
			dependencies = (
				3D12708E23356A7F0021F356 /* PBXTargetDependency */,
			);
			name = CarrosTests;
			productName = CarrosTests;
			productReference = 3D12708C23356A7F0021F356 /* CarrosTests.xctest */;
			productType = "com.apple.product-type.bundle.unit-test";
		};
		3D12709623356A7F0021F356 /* CarrosUITests */ = {
			isa = PBXNativeTarget;
			buildConfigurationList = 3D1270A623356A7F0021F356 /* Build configuration list for PBXNativeTarget "CarrosUITests" */;
			buildPhases = (
				3D12709323356A7F0021F356 /* Sources */,
				3D12709423356A7F0021F356 /* Frameworks */,
				3D12709523356A7F0021F356 /* Resources */,
			);
			buildRules = (
			);
			dependencies = (
				3D12709923356A7F0021F356 /* PBXTargetDependency */,
			);
			name = CarrosUITests;
			productName = CarrosUITests;
			productReference = 3D12709723356A7F0021F356 /* CarrosUITests.xctest */;
			productType = "com.apple.product-type.bundle.ui-testing";
		};
/* End PBXNativeTarget section */

/* Begin PBXProject section */
		3D12707023356A760021F356 /* Project object */ = {
			isa = PBXProject;
			attributes = {
				LastSwiftUpdateCheck = 1030;
				LastUpgradeCheck = 1030;
				ORGANIZATIONNAME = Alumno;
				TargetAttributes = {
					3D12707723356A760021F356 = {
						CreatedOnToolsVersion = 10.3;
					};
					3D12708B23356A7F0021F356 = {
						CreatedOnToolsVersion = 10.3;
						TestTargetID = 3D12707723356A760021F356;
					};
					3D12709623356A7F0021F356 = {
						CreatedOnToolsVersion = 10.3;
						TestTargetID = 3D12707723356A760021F356;
					};
				};
			};
			buildConfigurationList = 3D12707323356A760021F356 /* Build configuration list for PBXProject "Carros" */;
			compatibilityVersion = "Xcode 9.3";
			developmentRegion = en;
			hasScannedForEncodings = 0;
			knownRegions = (
				en,
				Base,
			);
			mainGroup = 3D12706F23356A760021F356;
			productRefGroup = 3D12707923356A770021F356 /* Products */;
			projectDirPath = "";
			projectRoot = "";
			targets = (
				3D12707723356A760021F356 /* Carros */,
				3D12708B23356A7F0021F356 /* CarrosTests */,
				3D12709623356A7F0021F356 /* CarrosUITests */,
			);
		};
/* End PBXProject section */

/* Begin PBXResourcesBuildPhase section */
		3D12707623356A760021F356 /* Resources */ = {
			isa = PBXResourcesBuildPhase;
			buildActionMask = 2147483647;
			files = (
				3D12708623356A7F0021F356 /* LaunchScreen.storyboard in Resources */,
				3D12708323356A7F0021F356 /* Assets.xcassets in Resources */,
				3D12708123356A770021F356 /* Main.storyboard in Resources */,
			);
			runOnlyForDeploymentPostprocessing = 0;
		};
		3D12708A23356A7F0021F356 /* Resources */ = {
			isa = PBXResourcesBuildPhase;
			buildActionMask = 2147483647;
			files = (
			);
			runOnlyForDeploymentPostprocessing = 0;
		};
		3D12709523356A7F0021F356 /* Resources */ = {
			isa = PBXResourcesBuildPhase;
			buildActionMask = 2147483647;
			files = (
			);
			runOnlyForDeploymentPostprocessing = 0;
		};
/* End PBXResourcesBuildPhase section */

/* Begin PBXSourcesBuildPhase section */
		3D12707423356A760021F356 /* Sources */ = {
			isa = PBXSourcesBuildPhase;
			buildActionMask = 2147483647;
			files = (
				3D12707E23356A770021F356 /* ViewController.swift in Sources */,
				3D12707C23356A770021F356 /* AppDelegate.swift in Sources */,
			);
			runOnlyForDeploymentPostprocessing = 0;
		};
		3D12708823356A7F0021F356 /* Sources */ = {
			isa = PBXSourcesBuildPhase;
			buildActionMask = 2147483647;
			files = (
				3D12709123356A7F0021F356 /* CarrosTests.swift in Sources */,
			);
			runOnlyForDeploymentPostprocessing = 0;
		};
		3D12709323356A7F0021F356 /* Sources */ = {
			isa = PBXSourcesBuildPhase;
			buildActionMask = 2147483647;
			files = (
				3D12709C23356A7F0021F356 /* CarrosUITests.swift in Sources */,
			);
			runOnlyForDeploymentPostprocessing = 0;
		};
/* End PBXSourcesBuildPhase section */

/* Begin PBXTargetDependency section */
		3D12708E23356A7F0021F356 /* PBXTargetDependency */ = {
			isa = PBXTargetDependency;
			target = 3D12707723356A760021F356 /* Carros */;
			targetProxy = 3D12708D23356A7F0021F356 /* PBXContainerItemProxy */;
		};
		3D12709923356A7F0021F356 /* PBXTargetDependency */ = {
			isa = PBXTargetDependency;
			target = 3D12707723356A760021F356 /* Carros */;
			targetProxy = 3D12709823356A7F0021F356 /* PBXContainerItemProxy */;
		};
/* End PBXTargetDependency section */

/* Begin PBXVariantGroup section */
		3D12707F23356A770021F356 /* Main.storyboard */ = {
			isa = PBXVariantGroup;
			children = (
				3D12708023356A770021F356 /* Base */,
			);
			name = Main.storyboard;
			sourceTree = "<group>";
		};
		3D12708423356A7F0021F356 /* LaunchScreen.storyboard */ = {
			isa = PBXVariantGroup;
			children = (
				3D12708523356A7F0021F356 /* Base */,
			);
			name = LaunchScreen.storyboard;
			sourceTree = "<group>";
		};
/* End PBXVariantGroup section */

/* Begin XCBuildConfiguration section */
		3D12709E23356A7F0021F356 /* Debug */ = {
			isa = XCBuildConfiguration;
			buildSettings = {
				ALWAYS_SEARCH_USER_PATHS = NO;
				CLANG_ANALYZER_NONNULL = YES;
				CLANG_ANALYZER_NUMBER_OBJECT_CONVERSION = YES_AGGRESSIVE;
				CLANG_CXX_LANGUAGE_STANDARD = "gnu++14";
				CLANG_CXX_LIBRARY = "libc++";
				CLANG_ENABLE_MODULES = YES;
				CLANG_ENABLE_OBJC_ARC = YES;
				CLANG_ENABLE_OBJC_WEAK = YES;
				CLANG_WARN_BLOCK_CAPTURE_AUTORELEASING = YES;
				CLANG_WARN_BOOL_CONVERSION = YES;
				CLANG_WARN_COMMA = YES;
				CLANG_WARN_CONSTANT_CONVERSION = YES;
				CLANG_WARN_DEPRECATED_OBJC_IMPLEMENTATIONS = YES;
				CLANG_WARN_DIRECT_OBJC_ISA_USAGE = YES_ERROR;
				CLANG_WARN_DOCUMENTATION_COMMENTS = YES;
				CLANG_WARN_EMPTY_BODY = YES;
				CLANG_WARN_ENUM_CONVERSION = YES;
				CLANG_WARN_INFINITE_RECURSION = YES;
				CLANG_WARN_INT_CONVERSION = YES;
				CLANG_WARN_NON_LITERAL_NULL_CONVERSION = YES;
				CLANG_WARN_OBJC_IMPLICIT_RETAIN_SELF = YES;
				CLANG_WARN_OBJC_LITERAL_CONVERSION = YES;
				CLANG_WARN_OBJC_ROOT_CLASS = YES_ERROR;
				CLANG_WARN_RANGE_LOOP_ANALYSIS = YES;
				CLANG_WARN_STRICT_PROTOTYPES = YES;
				CLANG_WARN_SUSPICIOUS_MOVE = YES;
				CLANG_WARN_UNGUARDED_AVAILABILITY = YES_AGGRESSIVE;
				CLANG_WARN_UNREACHABLE_CODE = YES;
				CLANG_WARN__DUPLICATE_METHOD_MATCH = YES;
				CODE_SIGN_IDENTITY = "iPhone Developer";
				COPY_PHASE_STRIP = NO;
				DEBUG_INFORMATION_FORMAT = dwarf;
				ENABLE_STRICT_OBJC_MSGSEND = YES;
				ENABLE_TESTABILITY = YES;
				GCC_C_LANGUAGE_STANDARD = gnu11;
				GCC_DYNAMIC_NO_PIC = NO;
				GCC_NO_COMMON_BLOCKS = YES;
				GCC_OPTIMIZATION_LEVEL = 0;
				GCC_PREPROCESSOR_DEFINITIONS = (
					"DEBUG=1",
					"$(inherited)",
				);
				GCC_WARN_64_TO_32_BIT_CONVERSION = YES;
				GCC_WARN_ABOUT_RETURN_TYPE = YES_ERROR;
				GCC_WARN_UNDECLARED_SELECTOR = YES;
				GCC_WARN_UNINITIALIZED_AUTOS = YES_AGGRESSIVE;
				GCC_WARN_UNUSED_FUNCTION = YES;
				GCC_WARN_UNUSED_VARIABLE = YES;
				IPHONEOS_DEPLOYMENT_TARGET = 12.4;
				MTL_ENABLE_DEBUG_INFO = INCLUDE_SOURCE;
				MTL_FAST_MATH = YES;
				ONLY_ACTIVE_ARCH = YES;
				SDKROOT = iphoneos;
				SWIFT_ACTIVE_COMPILATION_CONDITIONS = DEBUG;
				SWIFT_OPTIMIZATION_LEVEL = "-Onone";
			};
			name = Debug;
		};
		3D12709F23356A7F0021F356 /* Release */ = {
			isa = XCBuildConfiguration;
			buildSettings = {
				ALWAYS_SEARCH_USER_PATHS = NO;
				CLANG_ANALYZER_NONNULL = YES;
				CLANG_ANALYZER_NUMBER_OBJECT_CONVERSION = YES_AGGRESSIVE;
				CLANG_CXX_LANGUAGE_STANDARD = "gnu++14";
				CLANG_CXX_LIBRARY = "libc++";
				CLANG_ENABLE_MODULES = YES;
				CLANG_ENABLE_OBJC_ARC = YES;
				CLANG_ENABLE_OBJC_WEAK = YES;
				CLANG_WARN_BLOCK_CAPTURE_AUTORELEASING = YES;
				CLANG_WARN_BOOL_CONVERSION = YES;
				CLANG_WARN_COMMA = YES;
				CLANG_WARN_CONSTANT_CONVERSION = YES;
				CLANG_WARN_DEPRECATED_OBJC_IMPLEMENTATIONS = YES;
				CLANG_WARN_DIRECT_OBJC_ISA_USAGE = YES_ERROR;
				CLANG_WARN_DOCUMENTATION_COMMENTS = YES;
				CLANG_WARN_EMPTY_BODY = YES;
				CLANG_WARN_ENUM_CONVERSION = YES;
				CLANG_WARN_INFINITE_RECURSION = YES;
				CLANG_WARN_INT_CONVERSION = YES;
				CLANG_WARN_NON_LITERAL_NULL_CONVERSION = YES;
				CLANG_WARN_OBJC_IMPLICIT_RETAIN_SELF = YES;
				CLANG_WARN_OBJC_LITERAL_CONVERSION = YES;
				CLANG_WARN_OBJC_ROOT_CLASS = YES_ERROR;
				CLANG_WARN_RANGE_LOOP_ANALYSIS = YES;
				CLANG_WARN_STRICT_PROTOTYPES = YES;
				CLANG_WARN_SUSPICIOUS_MOVE = YES;
				CLANG_WARN_UNGUARDED_AVAILABILITY = YES_AGGRESSIVE;
				CLANG_WARN_UNREACHABLE_CODE = YES;
				CLANG_WARN__DUPLICATE_METHOD_MATCH = YES;
				CODE_SIGN_IDENTITY = "iPhone Developer";
				COPY_PHASE_STRIP = NO;
				DEBUG_INFORMATION_FORMAT = "dwarf-with-dsym";
				ENABLE_NS_ASSERTIONS = NO;
				ENABLE_STRICT_OBJC_MSGSEND = YES;
				GCC_C_LANGUAGE_STANDARD = gnu11;
				GCC_NO_COMMON_BLOCKS = YES;
				GCC_WARN_64_TO_32_BIT_CONVERSION = YES;
				GCC_WARN_ABOUT_RETURN_TYPE = YES_ERROR;
				GCC_WARN_UNDECLARED_SELECTOR = YES;
				GCC_WARN_UNINITIALIZED_AUTOS = YES_AGGRESSIVE;
				GCC_WARN_UNUSED_FUNCTION = YES;
				GCC_WARN_UNUSED_VARIABLE = YES;
				IPHONEOS_DEPLOYMENT_TARGET = 12.4;
				MTL_ENABLE_DEBUG_INFO = NO;
				MTL_FAST_MATH = YES;
				SDKROOT = iphoneos;
				SWIFT_COMPILATION_MODE = wholemodule;
				SWIFT_OPTIMIZATION_LEVEL = "-O";
				VALIDATE_PRODUCT = YES;
			};
			name = Release;
		};
		3D1270A123356A7F0021F356 /* Debug */ = {
			isa = XCBuildConfiguration;
			buildSettings = {
				ASSETCATALOG_COMPILER_APPICON_NAME = AppIcon;
				CODE_SIGN_STYLE = Automatic;
				INFOPLIST_FILE = Carros/Info.plist;
				LD_RUNPATH_SEARCH_PATHS = (
					"$(inherited)",
					"@executable_path/Frameworks",
				);
				PRODUCT_BUNDLE_IDENTIFIER = edu.ulsa.Carros;
				PRODUCT_NAME = "$(TARGET_NAME)";
				SWIFT_VERSION = 5.0;
				TARGETED_DEVICE_FAMILY = "1,2";
			};
			name = Debug;
		};
		3D1270A223356A7F0021F356 /* Release */ = {
			isa = XCBuildConfiguration;
			buildSettings = {
				ASSETCATALOG_COMPILER_APPICON_NAME = AppIcon;
				CODE_SIGN_STYLE = Automatic;
				INFOPLIST_FILE = Carros/Info.plist;
				LD_RUNPATH_SEARCH_PATHS = (
					"$(inherited)",
					"@executable_path/Frameworks",
				);
				PRODUCT_BUNDLE_IDENTIFIER = edu.ulsa.Carros;
				PRODUCT_NAME = "$(TARGET_NAME)";
				SWIFT_VERSION = 5.0;
				TARGETED_DEVICE_FAMILY = "1,2";
			};
			name = Release;
		};
		3D1270A423356A7F0021F356 /* Debug */ = {
			isa = XCBuildConfiguration;
			buildSettings = {
				ALWAYS_EMBED_SWIFT_STANDARD_LIBRARIES = YES;
				BUNDLE_LOADER = "$(TEST_HOST)";
				CODE_SIGN_STYLE = Automatic;
				INFOPLIST_FILE = CarrosTests/Info.plist;
				LD_RUNPATH_SEARCH_PATHS = (
					"$(inherited)",
					"@executable_path/Frameworks",
					"@loader_path/Frameworks",
				);
				PRODUCT_BUNDLE_IDENTIFIER = edu.ulsa.CarrosTests;
				PRODUCT_NAME = "$(TARGET_NAME)";
				SWIFT_VERSION = 5.0;
				TARGETED_DEVICE_FAMILY = "1,2";
				TEST_HOST = "$(BUILT_PRODUCTS_DIR)/Carros.app/Carros";
			};
			name = Debug;
		};
		3D1270A523356A7F0021F356 /* Release */ = {
			isa = XCBuildConfiguration;
			buildSettings = {
				ALWAYS_EMBED_SWIFT_STANDARD_LIBRARIES = YES;
				BUNDLE_LOADER = "$(TEST_HOST)";
				CODE_SIGN_STYLE = Automatic;
				INFOPLIST_FILE = CarrosTests/Info.plist;
				LD_RUNPATH_SEARCH_PATHS = (
					"$(inherited)",
					"@executable_path/Frameworks",
					"@loader_path/Frameworks",
				);
				PRODUCT_BUNDLE_IDENTIFIER = edu.ulsa.CarrosTests;
				PRODUCT_NAME = "$(TARGET_NAME)";
				SWIFT_VERSION = 5.0;
				TARGETED_DEVICE_FAMILY = "1,2";
				TEST_HOST = "$(BUILT_PRODUCTS_DIR)/Carros.app/Carros";
			};
			name = Release;
		};
		3D1270A723356A7F0021F356 /* Debug */ = {
			isa = XCBuildConfiguration;
			buildSettings = {
				ALWAYS_EMBED_SWIFT_STANDARD_LIBRARIES = YES;
				CODE_SIGN_STYLE = Automatic;
				INFOPLIST_FILE = CarrosUITests/Info.plist;
				LD_RUNPATH_SEARCH_PATHS = (
					"$(inherited)",
					"@executable_path/Frameworks",
					"@loader_path/Frameworks",
				);
				PRODUCT_BUNDLE_IDENTIFIER = edu.ulsa.CarrosUITests;
				PRODUCT_NAME = "$(TARGET_NAME)";
				SWIFT_VERSION = 5.0;
				TARGETED_DEVICE_FAMILY = "1,2";
				TEST_TARGET_NAME = Carros;
			};
			name = Debug;
		};
		3D1270A823356A7F0021F356 /* Release */ = {
			isa = XCBuildConfiguration;
			buildSettings = {
				ALWAYS_EMBED_SWIFT_STANDARD_LIBRARIES = YES;
				CODE_SIGN_STYLE = Automatic;
				INFOPLIST_FILE = CarrosUITests/Info.plist;
				LD_RUNPATH_SEARCH_PATHS = (
					"$(inherited)",
					"@executable_path/Frameworks",
					"@loader_path/Frameworks",
				);
				PRODUCT_BUNDLE_IDENTIFIER = edu.ulsa.CarrosUITests;
				PRODUCT_NAME = "$(TARGET_NAME)";
				SWIFT_VERSION = 5.0;
				TARGETED_DEVICE_FAMILY = "1,2";
				TEST_TARGET_NAME = Carros;
			};
			name = Release;
		};
/* End XCBuildConfiguration section */

/* Begin XCConfigurationList section */
		3D12707323356A760021F356 /* Build configuration list for PBXProject "Carros" */ = {
			isa = XCConfigurationList;
			buildConfigurations = (
				3D12709E23356A7F0021F356 /* Debug */,
				3D12709F23356A7F0021F356 /* Release */,
			);
			defaultConfigurationIsVisible = 0;
			defaultConfigurationName = Release;
		};
		3D1270A023356A7F0021F356 /* Build configuration list for PBXNativeTarget "Carros" */ = {
			isa = XCConfigurationList;
			buildConfigurations = (
				3D1270A123356A7F0021F356 /* Debug */,
				3D1270A223356A7F0021F356 /* Release */,
			);
			defaultConfigurationIsVisible = 0;
			defaultConfigurationName = Release;
		};
		3D1270A323356A7F0021F356 /* Build configuration list for PBXNativeTarget "CarrosTests" */ = {
			isa = XCConfigurationList;
			buildConfigurations = (
				3D1270A423356A7F0021F356 /* Debug */,
				3D1270A523356A7F0021F356 /* Release */,
			);
			defaultConfigurationIsVisible = 0;
			defaultConfigurationName = Release;
		};
		3D1270A623356A7F0021F356 /* Build configuration list for PBXNativeTarget "CarrosUITests" */ = {
			isa = XCConfigurationList;
			buildConfigurations = (
				3D1270A723356A7F0021F356 /* Debug */,
				3D1270A823356A7F0021F356 /* Release */,
			);
			defaultConfigurationIsVisible = 0;
			defaultConfigurationName = Release;
		};
/* End XCConfigurationList section */
	};
	rootObject = 3D12707023356A760021F356 /* Project object */;
}
